
Microsoft Visual Studio Solution File, Format Version 12.00
# Visual Studio Version 17
VisualStudioVersion = 17.0.31903.59
MinimumVisualStudioVersion = 10.0.40219.1
Project("{2150E333-8FDC-42A3-9474-1A3956D46DE8}") = "src", "src", "{827E0CD3-B72D-47B6-A68D-7590B98EB39B}"
EndProject
Project("{FAE04EC0-301F-11D3-BF4B-00C04F79EFBC}") = "SadcOrders.Domain", "src\SadcOrders.Domain\SadcOrders.Domain.csproj", "{C0B761D3-D2C8-48AB-A52C-833647DE96B3}"
EndProject
Project("{FAE04EC0-301F-11D3-BF4B-00C04F79EFBC}") = "SadcOrders.Application", "src\SadcOrders.Application\SadcOrders.Application.csproj", "{E319765D-1F14-4E24-B0AF-25A0E5D1EF45}"
EndProject
Project("{FAE04EC0-301F-11D3-BF4B-00C04F79EFBC}") = "SadcOrders.Infrastructure", "src\SadcOrders.Infrastructure\SadcOrders.Infrastructure.csproj", "{949C70B3-5CA7-445F-BCA4-D141EE67D454}"
EndProject
Project("{FAE04EC0-301F-11D3-BF4B-00C04F79EFBC}") = "SadcOrders.API", "src\SadcOrders.API\SadcOrders.API.csproj", "{D767F31F-4DD0-4B75-9529-7A042A4EEE71}"
EndProject
Project("{FAE04EC0-301F-11D3-BF4B-00C04F79EFBC}") = "SadcOrders.Worker", "src\SadcOrders.Worker\SadcOrders.Worker.csproj", "{C37B028E-5ECE-43E5-A69D-97D1145A4EA3}"
EndProject
Project("{2150E333-8FDC-42A3-9474-1A3956D46DE8}") = "tests", "tests", "{0AB3BF05-4346-4AA6-1389-037BE0695223}"
EndProject
Project("{FAE04EC0-301F-11D3-BF4B-00C04F79EFBC}") = "SadcOrders.UnitTests", "tests\SadcOrders.UnitTests\SadcOrders.UnitTests.csproj", "{6312DF41-67EE-4267-A85F-1870127E2F7F}"
EndProject
Project("{FAE04EC0-301F-11D3-BF4B-00C04F79EFBC}") = "SadcOrders.IntegrationTests", "tests\SadcOrders.IntegrationTests\SadcOrders.IntegrationTests.csproj", "{90B88852-0233-4583-8720-715634A548A8}"
EndProject
Global
	GlobalSection(SolutionConfigurationPlatforms) = preSolution
		Debug|Any CPU = Debug|Any CPU
		Debug|x64 = Debug|x64
		Debug|x86 = Debug|x86
		Release|Any CPU = Release|Any CPU
		Release|x64 = Release|x64
		Release|x86 = Release|x86
	EndGlobalSection
	GlobalSection(ProjectConfigurationPlatforms) = postSolution
		{C0B761D3-D2C8-48AB-A52C-833647DE96B3}.Debug|Any CPU.ActiveCfg = Debug|Any CPU
		{C0B761D3-D2C8-48AB-A52C-833647DE96B3}.Debug|Any CPU.Build.0 = Debug|Any CPU
		{C0B761D3-D2C8-48AB-A52C-833647DE96B3}.Debug|x64.ActiveCfg = Debug|Any CPU
		{C0B761D3-D2C8-48AB-A52C-833647DE96B3}.Debug|x64.Build.0 = Debug|Any CPU
		{C0B761D3-D2C8-48AB-A52C-833647DE96B3}.Debug|x86.ActiveCfg = Debug|Any CPU
		{C0B761D3-D2C8-48AB-A52C-833647DE96B3}.Debug|x86.Build.0 = Debug|Any CPU
		{C0B761D3-D2C8-48AB-A52C-833647DE96B3}.Release|Any CPU.ActiveCfg = Release|Any CPU
		{C0B761D3-D2C8-48AB-A52C-833647DE96B3}.Release|Any CPU.Build.0 = Release|Any CPU
		{C0B761D3-D2C8-48AB-A52C-833647DE96B3}.Release|x64.ActiveCfg = Release|Any CPU
		{C0B761D3-D2C8-48AB-A52C-833647DE96B3}.Release|x64.Build.0 = Release|Any CPU
		{C0B761D3-D2C8-48AB-A52C-833647DE96B3}.Release|x86.ActiveCfg = Release|Any CPU
		{C0B761D3-D2C8-48AB-A52C-833647DE96B3}.Release|x86.Build.0 = Release|Any CPU
		{E319765D-1F14-4E24-B0AF-25A0E5D1EF45}.Debug|Any CPU.ActiveCfg = Debug|Any CPU
		{E319765D-1F14-4E24-B0AF-25A0E5D1EF45}.Debug|Any CPU.Build.0 = Debug|Any CPU
		{E319765D-1F14-4E24-B0AF-25A0E5D1EF45}.Debug|x64.ActiveCfg = Debug|Any CPU
		{E319765D-1F14-4E24-B0AF-25A0E5D1EF45}.Debug|x64.Build.0 = Debug|Any CPU
		{E319765D-1F14-4E24-B0AF-25A0E5D1EF45}.Debug|x86.ActiveCfg = Debug|Any CPU
		{E319765D-1F14-4E24-B0AF-25A0E5D1EF45}.Debug|x86.Build.0 = Debug|Any CPU
		{E319765D-1F14-4E24-B0AF-25A0E5D1EF45}.Release|Any CPU.ActiveCfg = Release|Any CPU
		{E319765D-1F14-4E24-B0AF-25A0E5D1EF45}.Release|Any CPU.Build.0 = Release|Any CPU
		{E319765D-1F14-4E24-B0AF-25A0E5D1EF45}.Release|x64.ActiveCfg = Release|Any CPU
		{E319765D-1F14-4E24-B0AF-25A0E5D1EF45}.Release|x64.Build.0 = Release|Any CPU
		{E319765D-1F14-4E24-B0AF-25A0E5D1EF45}.Release|x86.ActiveCfg = Release|Any CPU
		{E319765D-1F14-4E24-B0AF-25A0E5D1EF45}.Release|x86.Build.0 = Release|Any CPU
		{949C70B3-5CA7-445F-BCA4-D141EE67D454}.Debug|Any CPU.ActiveCfg = Debug|Any CPU
		{949C70B3-5CA7-445F-BCA4-D141EE67D454}.Debug|Any CPU.Build.0 = Debug|Any CPU
		{949C70B3-5CA7-445F-BCA4-D141EE67D454}.Debug|x64.ActiveCfg = Debug|Any CPU
		{949C70B3-5CA7-445F-BCA4-D141EE67D454}.Debug|x64.Build.0 = Debug|Any CPU
		{949C70B3-5CA7-445F-BCA4-D141EE67D454}.Debug|x86.ActiveCfg = Debug|Any CPU
		{949C70B3-5CA7-445F-BCA4-D141EE67D454}.Debug|x86.Build.0 = Debug|Any CPU
		{949C70B3-5CA7-445F-BCA4-D141EE67D454}.Release|Any CPU.ActiveCfg = Release|Any CPU
		{949C70B3-5CA7-445F-BCA4-D141EE67D454}.Release|Any CPU.Build.0 = Release|Any CPU
		{949C70B3-5CA7-445F-BCA4-D141EE67D454}.Release|x64.ActiveCfg = Release|Any CPU
		{949C70B3-5CA7-445F-BCA4-D141EE67D454}.Release|x64.Build.0 = Release|Any CPU
		{949C70B3-5CA7-445F-BCA4-D141EE67D454}.Release|x86.ActiveCfg = Release|Any CPU
		{949C70B3-5CA7-445F-BCA4-D141EE67D454}.Release|x86.Build.0 = Release|Any CPU
		{D767F31F-4DD0-4B75-9529-7A042A4EEE71}.Debug|Any CPU.ActiveCfg = Debug|Any CPU
		{D767F31F-4DD0-4B75-9529-7A042A4EEE71}.Debug|Any CPU.Build.0 = Debug|Any CPU
		{D767F31F-4DD0-4B75-9529-7A042A4EEE71}.Debug|x64.ActiveCfg = Debug|Any CPU
		{D767F31F-4DD0-4B75-9529-7A042A4EEE71}.Debug|x64.Build.0 = Debug|Any CPU
		{D767F31F-4DD0-4B75-9529-7A042A4EEE71}.Debug|x86.ActiveCfg = Debug|Any CPU
		{D767F31F-4DD0-4B75-9529-7A042A4EEE71}.Debug|x86.Build.0 = Debug|Any CPU
		{D767F31F-4DD0-4B75-9529-7A042A4EEE71}.Release|Any CPU.ActiveCfg = Release|Any CPU
		{D767F31F-4DD0-4B75-9529-7A042A4EEE71}.Release|Any CPU.Build.0 = Release|Any CPU
		{D767F31F-4DD0-4B75-9529-7A042A4EEE71}.Release|x64.ActiveCfg = Release|Any CPU
		{D767F31F-4DD0-4B75-9529-7A042A4EEE71}.Release|x64.Build.0 = Release|Any CPU
		{D767F31F-4DD0-4B75-9529-7A042A4EEE71}.Release|x86.ActiveCfg = Release|Any CPU
		{D767F31F-4DD0-4B75-9529-7A042A4EEE71}.Release|x86.Build.0 = Release|Any CPU
		{C37B028E-5ECE-43E5-A69D-97D1145A4EA3}.Debug|Any CPU.ActiveCfg = Debug|Any CPU
		{C37B028E-5ECE-43E5-A69D-97D1145A4EA3}.Debug|Any CPU.Build.0 = Debug|Any CPU
		{C37B028E-5ECE-43E5-A69D-97D1145A4EA3}.Debug|x64.ActiveCfg = Debug|Any CPU
		{C37B028E-5ECE-43E5-A69D-97D1145A4EA3}.Debug|x64.Build.0 = Debug|Any CPU
		{C37B028E-5ECE-43E5-A69D-97D1145A4EA3}.Debug|x86.ActiveCfg = Debug|Any CPU
		{C37B028E-5ECE-43E5-A69D-97D1145A4EA3}.Debug|x86.Build.0 = Debug|Any CPU
		{C37B028E-5ECE-43E5-A69D-97D1145A4EA3}.Release|Any CPU.ActiveCfg = Release|Any CPU
		{C37B028E-5ECE-43E5-A69D-97D1145A4EA3}.Release|Any CPU.Build.0 = Release|Any CPU
		{C37B028E-5ECE-43E5-A69D-97D1145A4EA3}.Release|x64.ActiveCfg = Release|Any CPU
		{C37B028E-5ECE-43E5-A69D-97D1145A4EA3}.Release|x64.Build.0 = Release|Any CPU
		{C37B028E-5ECE-43E5-A69D-97D1145A4EA3}.Release|x86.ActiveCfg = Release|Any CPU
		{C37B028E-5ECE-43E5-A69D-97D1145A4EA3}.Release|x86.Build.0 = Release|Any CPU
		{6312DF41-67EE-4267-A85F-1870127E2F7F}.Debug|Any CPU.ActiveCfg = Debug|Any CPU
		{6312DF41-67EE-4267-A85F-1870127E2F7F}.Debug|Any CPU.Build.0 = Debug|Any CPU
		{6312DF41-67EE-4267-A85F-1870127E2F7F}.Debug|x64.ActiveCfg = Debug|Any CPU
		{6312DF41-67EE-4267-A85F-1870127E2F7F}.Debug|x64.Build.0 = Debug|Any CPU
		{6312DF41-67EE-4267-A85F-1870127E2F7F}.Debug|x86.ActiveCfg = Debug|Any CPU
		{6312DF41-67EE-4267-A85F-1870127E2F7F}.Debug|x86.Build.0 = Debug|Any CPU
		{6312DF41-67EE-4267-A85F-1870127E2F7F}.Release|Any CPU.ActiveCfg = Release|Any CPU
		{6312DF41-67EE-4267-A85F-1870127E2F7F}.Release|Any CPU.Build.0 = Release|Any CPU
		{6312DF41-67EE-4267-A85F-1870127E2F7F}.Release|x64.ActiveCfg = Release|Any CPU
		{6312DF41-67EE-4267-A85F-1870127E2F7F}.Release|x64.Build.0 = Release|Any CPU
		{6312DF41-67EE-4267-A85F-1870127E2F7F}.Release|x86.ActiveCfg = Release|Any CPU
		{6312DF41-67EE-4267-A85F-1870127E2F7F}.Release|x86.Build.0 = Release|Any CPU
		{90B88852-0233-4583-8720-715634A548A8}.Debug|Any CPU.ActiveCfg = Debug|Any CPU
		{90B88852-0233-4583-8720-715634A548A8}.Debug|Any CPU.Build.0 = Debug|Any CPU
		{90B88852-0233-4583-8720-715634A548A8}.Debug|x64.ActiveCfg = Debug|Any CPU
		{90B88852-0233-4583-8720-715634A548A8}.Debug|x64.Build.0 = Debug|Any CPU
		{90B88852-0233-4583-8720-715634A548A8}.Debug|x86.ActiveCfg = Debug|Any CPU
		{90B88852-0233-4583-8720-715634A548A8}.Debug|x86.Build.0 = Debug|Any CPU
		{90B88852-0233-4583-8720-715634A548A8}.Release|Any CPU.ActiveCfg = Release|Any CPU
		{90B88852-0233-4583-8720-715634A548A8}.Release|Any CPU.Build.0 = Release|Any CPU
		{90B88852-0233-4583-8720-715634A548A8}.Release|x64.ActiveCfg = Release|Any CPU
		{90B88852-0233-4583-8720-715634A548A8}.Release|x64.Build.0 = Release|Any CPU
		{90B88852-0233-4583-8720-715634A548A8}.Release|x86.ActiveCfg = Release|Any CPU
		{90B88852-0233-4583-8720-715634A548A8}.Release|x86.Build.0 = Release|Any CPU
	EndGlobalSection
	GlobalSection(SolutionProperties) = preSolution
		HideSolutionNode = FALSE
	EndGlobalSection
	GlobalSection(NestedProjects) = preSolution
		{C0B761D3-D2C8-48AB-A52C-833647DE96B3} = {827E0CD3-B72D-47B6-A68D-7590B98EB39B}
		{E319765D-1F14-4E24-B0AF-25A0E5D1EF45} = {827E0CD3-B72D-47B6-A68D-7590B98EB39B}
		{949C70B3-5CA7-445F-BCA4-D141EE67D454} = {827E0CD3-B72D-47B6-A68D-7590B98EB39B}
		{D767F31F-4DD0-4B75-9529-7A042A4EEE71} = {827E0CD3-B72D-47B6-A68D-7590B98EB39B}
		{C37B028E-5ECE-43E5-A69D-97D1145A4EA3} = {827E0CD3-B72D-47B6-A68D-7590B98EB39B}
		{6312DF41-67EE-4267-A85F-1870127E2F7F} = {0AB3BF05-4346-4AA6-1389-037BE0695223}
		{90B88852-0233-4583-8720-715634A548A8} = {0AB3BF05-4346-4AA6-1389-037BE0695223}
	EndGlobalSection
EndGlobal
